// !$*UTF8*$!
{
	archiveVersion = 1;
	classes = {
	};
	objectVersion = 51;
	objects = {

/* Begin PBXBuildFile section */
		50F4B849DCB5F8CDFE9A2046 /* Pods_DemoOperationQueu.framework in Frameworks */ = {isa = PBXBuildFile; fileRef = 860F1124E895AAA4756E209B /* Pods_DemoOperationQueu.framework */; };
		8AF4DB9A25FDB81B00336CDD /* AppDelegate.swift in Sources */ = {isa = PBXBuildFile; fileRef = 8AF4DB9925FDB81B00336CDD /* AppDelegate.swift */; };
		8AF4DB9C25FDB81B00336CDD /* SceneDelegate.swift in Sources */ = {isa = PBXBuildFile; fileRef = 8AF4DB9B25FDB81B00336CDD /* SceneDelegate.swift */; };
		8AF4DB9E25FDB81B00336CDD /* ViewController.swift in Sources */ = {isa = PBXBuildFile; fileRef = 8AF4DB9D25FDB81B00336CDD /* ViewController.swift */; };
		8AF4DBA125FDB81B00336CDD /* Main.storyboard in Resources */ = {isa = PBXBuildFile; fileRef = 8AF4DB9F25FDB81B00336CDD /* Main.storyboard */; };
		8AF4DBA325FDB81D00336CDD /* Assets.xcassets in Resources */ = {isa = PBXBuildFile; fileRef = 8AF4DBA225FDB81D00336CDD /* Assets.xcassets */; };
		8AF4DBA625FDB81D00336CDD /* LaunchScreen.storyboard in Resources */ = {isa = PBXBuildFile; fileRef = 8AF4DBA425FDB81D00336CDD /* LaunchScreen.storyboard */; };
		8AF4DBAE25FDB91200336CDD /* RequestApi.swift in Sources */ = {isa = PBXBuildFile; fileRef = 8AF4DBAD25FDB91200336CDD /* RequestApi.swift */; };
		8AF4DBB025FDB9DA00336CDD /* BaseObject.swift in Sources */ = {isa = PBXBuildFile; fileRef = 8AF4DBAF25FDB9DA00336CDD /* BaseObject.swift */; };
		8AF4DBB325FDBBE700336CDD /* PhotoTableViewCell.swift in Sources */ = {isa = PBXBuildFile; fileRef = 8AF4DBB125FDBBE700336CDD /* PhotoTableViewCell.swift */; };
		8AF4DBB425FDBBE700336CDD /* PhotoTableViewCell.xib in Resources */ = {isa = PBXBuildFile; fileRef = 8AF4DBB225FDBBE700336CDD /* PhotoTableViewCell.xib */; };
		8AF4DBB725FDBC4F00336CDD /* PhotoDetailViewController.swift in Sources */ = {isa = PBXBuildFile; fileRef = 8AF4DBB525FDBC4F00336CDD /* PhotoDetailViewController.swift */; };
		8AF4DBB825FDBC4F00336CDD /* PhotoDetailViewController.xib in Resources */ = {isa = PBXBuildFile; fileRef = 8AF4DBB625FDBC4F00336CDD /* PhotoDetailViewController.xib */; };
		8AF4DBBA25FE28A300336CDD /* CustomOperation.swift in Sources */ = {isa = PBXBuildFile; fileRef = 8AF4DBB925FE28A300336CDD /* CustomOperation.swift */; };
/* End PBXBuildFile section */

/* Begin PBXFileReference section */
		68379C5CAB1C1BE749DE07D6 /* Pods-DemoOperationQueu.debug.xcconfig */ = {isa = PBXFileReference; includeInIndex = 1; lastKnownFileType = text.xcconfig; name = "Pods-DemoOperationQueu.debug.xcconfig"; path = "Target Support Files/Pods-DemoOperationQueu/Pods-DemoOperationQueu.debug.xcconfig"; sourceTree = "<group>"; };
		6ECB01EAF3B4BD0685E6E60B /* Pods-DemoOperationQueu.release.xcconfig */ = {isa = PBXFileReference; includeInIndex = 1; lastKnownFileType = text.xcconfig; name = "Pods-DemoOperationQueu.release.xcconfig"; path = "Target Support Files/Pods-DemoOperationQueu/Pods-DemoOperationQueu.release.xcconfig"; sourceTree = "<group>"; };
		860F1124E895AAA4756E209B /* Pods_DemoOperationQueu.framework */ = {isa = PBXFileReference; explicitFileType = wrapper.framework; includeInIndex = 0; path = Pods_DemoOperationQueu.framework; sourceTree = BUILT_PRODUCTS_DIR; };
		8AF4DB9625FDB81B00336CDD /* DemoOperationQueu.app */ = {isa = PBXFileReference; explicitFileType = wrapper.application; includeInIndex = 0; path = DemoOperationQueu.app; sourceTree = BUILT_PRODUCTS_DIR; };
		8AF4DB9925FDB81B00336CDD /* AppDelegate.swift */ = {isa = PBXFileReference; lastKnownFileType = sourcecode.swift; path = AppDelegate.swift; sourceTree = "<group>"; };
		8AF4DB9B25FDB81B00336CDD /* SceneDelegate.swift */ = {isa = PBXFileReference; lastKnownFileType = sourcecode.swift; path = SceneDelegate.swift; sourceTree = "<group>"; };
		8AF4DB9D25FDB81B00336CDD /* ViewController.swift */ = {isa = PBXFileReference; lastKnownFileType = sourcecode.swift; path = ViewController.swift; sourceTree = "<group>"; };
		8AF4DBA025FDB81B00336CDD /* Base */ = {isa = PBXFileReference; lastKnownFileType = file.storyboard; name = Base; path = Base.lproj/Main.storyboard; sourceTree = "<group>"; };
		8AF4DBA225FDB81D00336CDD /* Assets.xcassets */ = {isa = PBXFileReference; lastKnownFileType = folder.assetcatalog; path = Assets.xcassets; sourceTree = "<group>"; };
		8AF4DBA525FDB81D00336CDD /* Base */ = {isa = PBXFileReference; lastKnownFileType = file.storyboard; name = Base; path = Base.lproj/LaunchScreen.storyboard; sourceTree = "<group>"; };
		8AF4DBA725FDB81D00336CDD /* Info.plist */ = {isa = PBXFileReference; lastKnownFileType = text.plist.xml; path = Info.plist; sourceTree = "<group>"; };
		8AF4DBAD25FDB91200336CDD /* RequestApi.swift */ = {isa = PBXFileReference; lastKnownFileType = sourcecode.swift; path = RequestApi.swift; sourceTree = "<group>"; };
		8AF4DBAF25FDB9DA00336CDD /* BaseObject.swift */ = {isa = PBXFileReference; lastKnownFileType = sourcecode.swift; path = BaseObject.swift; sourceTree = "<group>"; };
		8AF4DBB125FDBBE700336CDD /* PhotoTableViewCell.swift */ = {isa = PBXFileReference; lastKnownFileType = sourcecode.swift; path = PhotoTableViewCell.swift; sourceTree = "<group>"; };
		8AF4DBB225FDBBE700336CDD /* PhotoTableViewCell.xib */ = {isa = PBXFileReference; lastKnownFileType = file.xib; path = PhotoTableViewCell.xib; sourceTree = "<group>"; };
		8AF4DBB525FDBC4F00336CDD /* PhotoDetailViewController.swift */ = {isa = PBXFileReference; lastKnownFileType = sourcecode.swift; path = PhotoDetailViewController.swift; sourceTree = "<group>"; };
		8AF4DBB625FDBC4F00336CDD /* PhotoDetailViewController.xib */ = {isa = PBXFileReference; lastKnownFileType = file.xib; path = PhotoDetailViewController.xib; sourceTree = "<group>"; };
		8AF4DBB925FE28A300336CDD /* CustomOperation.swift */ = {isa = PBXFileReference; lastKnownFileType = sourcecode.swift; path = CustomOperation.swift; sourceTree = "<group>"; };
/* End PBXFileReference section */

/* Begin PBXFrameworksBuildPhase section */
		8AF4DB9325FDB81B00336CDD /* Frameworks */ = {
			isa = PBXFrameworksBuildPhase;
			buildActionMask = 2147483647;
			files = (
				50F4B849DCB5F8CDFE9A2046 /* Pods_DemoOperationQueu.framework in Frameworks */,
			);
			runOnlyForDeploymentPostprocessing = 0;
		};
/* End PBXFrameworksBuildPhase section */

/* Begin PBXGroup section */
		1698D13988576ECC1230E308 /* Frameworks */ = {
			isa = PBXGroup;
			children = (
				860F1124E895AAA4756E209B /* Pods_DemoOperationQueu.framework */,
			);
			name = Frameworks;
			sourceTree = "<group>";
		};
		8AF4DB8D25FDB81B00336CDD = {
			isa = PBXGroup;
			children = (
				8AF4DB9825FDB81B00336CDD /* DemoOperationQueu */,
				8AF4DB9725FDB81B00336CDD /* Products */,
				D1A54893271C00C2713AF9D5 /* Pods */,
				1698D13988576ECC1230E308 /* Frameworks */,
			);
			sourceTree = "<group>";
		};
		8AF4DB9725FDB81B00336CDD /* Products */ = {
			isa = PBXGroup;
			children = (
				8AF4DB9625FDB81B00336CDD /* DemoOperationQueu.app */,
			);
			name = Products;
			sourceTree = "<group>";
		};
		8AF4DB9825FDB81B00336CDD /* DemoOperationQueu */ = {
			isa = PBXGroup;
			children = (
				8AF4DB9925FDB81B00336CDD /* AppDelegate.swift */,
				8AF4DB9B25FDB81B00336CDD /* SceneDelegate.swift */,
				8AF4DB9D25FDB81B00336CDD /* ViewController.swift */,
				8AF4DBAD25FDB91200336CDD /* RequestApi.swift */,
				8AF4DBAF25FDB9DA00336CDD /* BaseObject.swift */,
				8AF4DB9F25FDB81B00336CDD /* Main.storyboard */,
				8AF4DBB525FDBC4F00336CDD /* PhotoDetailViewController.swift */,
				8AF4DBB625FDBC4F00336CDD /* PhotoDetailViewController.xib */,
				8AF4DBB125FDBBE700336CDD /* PhotoTableViewCell.swift */,
				8AF4DBB225FDBBE700336CDD /* PhotoTableViewCell.xib */,
				8AF4DBA225FDB81D00336CDD /* Assets.xcassets */,
				8AF4DBA425FDB81D00336CDD /* LaunchScreen.storyboard */,
				8AF4DBA725FDB81D00336CDD /* Info.plist */,
				8AF4DBB925FE28A300336CDD /* CustomOperation.swift */,
			);
			path = DemoOperationQueu;
			sourceTree = "<group>";
		};
		D1A54893271C00C2713AF9D5 /* Pods */ = {
			isa = PBXGroup;
			children = (
				68379C5CAB1C1BE749DE07D6 /* Pods-DemoOperationQueu.debug.xcconfig */,
				6ECB01EAF3B4BD0685E6E60B /* Pods-DemoOperationQueu.release.xcconfig */,
			);
			path = Pods;
			sourceTree = "<group>";
		};
/* End PBXGroup section */

/* Begin PBXNativeTarget section */
		8AF4DB9525FDB81B00336CDD /* DemoOperationQueu */ = {
			isa = PBXNativeTarget;
			buildConfigurationList = 8AF4DBAA25FDB81D00336CDD /* Build configuration list for PBXNativeTarget "DemoOperationQueu" */;
			buildPhases = (
				FE438EA5262C743002E54EA3 /* [CP] Check Pods Manifest.lock */,
				8AF4DB9225FDB81B00336CDD /* Sources */,
				8AF4DB9325FDB81B00336CDD /* Frameworks */,
				8AF4DB9425FDB81B00336CDD /* Resources */,
				6F71704789E338D3AEF46F16 /* [CP] Embed Pods Frameworks */,
			);
			buildRules = (
			);
			dependencies = (
			);
			name = DemoOperationQueu;
			productName = DemoOperationQueu;
			productReference = 8AF4DB9625FDB81B00336CDD /* DemoOperationQueu.app */;
			productType = "com.apple.product-type.application";
		};
/* End PBXNativeTarget section */

/* Begin PBXProject section */
		8AF4DB8E25FDB81B00336CDD /* Project object */ = {
			isa = PBXProject;
			attributes = {
				LastSwiftUpdateCheck = 1140;
				LastUpgradeCheck = 1140;
				ORGANIZATIONNAME = TrungNguyen;
				TargetAttributes = {
					8AF4DB9525FDB81B00336CDD = {
						CreatedOnToolsVersion = 11.4;
					};
				};
			};
			buildConfigurationList = 8AF4DB9125FDB81B00336CDD /* Build configuration list for PBXProject "DemoOperationQueu" */;
			compatibilityVersion = "Xcode 9.3";
			developmentRegion = en;
			hasScannedForEncodings = 0;
			knownRegions = (
				en,
				Base,
			);
			mainGroup = 8AF4DB8D25FDB81B00336CDD;
			productRefGroup = 8AF4DB9725FDB81B00336CDD /* Products */;
			projectDirPath = "";
			projectRoot = "";
			targets = (
				8AF4DB9525FDB81B00336CDD /* DemoOperationQueu */,
			);
		};
/* End PBXProject section */

/* Begin PBXResourcesBuildPhase section */
		8AF4DB9425FDB81B00336CDD /* Resources */ = {
			isa = PBXResourcesBuildPhase;
			buildActionMask = 2147483647;
			files = (
				8AF4DBB825FDBC4F00336CDD /* PhotoDetailViewController.xib in Resources */,
				8AF4DBB425FDBBE700336CDD /* PhotoTableViewCell.xib in Resources */,
				8AF4DBA625FDB81D00336CDD /* LaunchScreen.storyboard in Resources */,
				8AF4DBA325FDB81D00336CDD /* Assets.xcassets in Resources */,
				8AF4DBA125FDB81B00336CDD /* Main.storyboard in Resources */,
			);
			runOnlyForDeploymentPostprocessing = 0;
		};
/* End PBXResourcesBuildPhase section */

/* Begin PBXShellScriptBuildPhase section */
		6F71704789E338D3AEF46F16 /* [CP] Embed Pods Frameworks */ = {
			isa = PBXShellScriptBuildPhase;
			buildActionMask = 2147483647;
			files = (
			);
			inputFileListPaths = (
				"${PODS_ROOT}/Target Support Files/Pods-DemoOperationQueu/Pods-DemoOperationQueu-frameworks-${CONFIGURATION}-input-files.xcfilelist",
			);
			name = "[CP] Embed Pods Frameworks";
			outputFileListPaths = (
				"${PODS_ROOT}/Target Support Files/Pods-DemoOperationQueu/Pods-DemoOperationQueu-frameworks-${CONFIGURATION}-output-files.xcfilelist",
			);
			runOnlyForDeploymentPostprocessing = 0;
			shellPath = /bin/sh;
			shellScript = "\"${PODS_ROOT}/Target Support Files/Pods-DemoOperationQueu/Pods-DemoOperationQueu-frameworks.sh\"\n";
			showEnvVarsInLog = 0;
		};
		FE438EA5262C743002E54EA3 /* [CP] Check Pods Manifest.lock */ = {
			isa = PBXShellScriptBuildPhase;
			buildActionMask = 2147483647;
			files = (
			);
			inputFileListPaths = (
			);
			inputPaths = (
				"${PODS_PODFILE_DIR_PATH}/Podfile.lock",
				"${PODS_ROOT}/Manifest.lock",
			);
			name = "[CP] Check Pods Manifest.lock";
			outputFileListPaths = (
			);
			outputPaths = (
				"$(DERIVED_FILE_DIR)/Pods-DemoOperationQueu-checkManifestLockResult.txt",
			);
			runOnlyForDeploymentPostprocessing = 0;
			shellPath = /bin/sh;
			shellScript = "diff \"${PODS_PODFILE_DIR_PATH}/Podfile.lock\" \"${PODS_ROOT}/Manifest.lock\" > /dev/null\nif [ $? != 0 ] ; then\n    # print error to STDERR\n    echo \"error: The sandbox is not in sync with the Podfile.lock. Run 'pod install' or update your CocoaPods installation.\" >&2\n    exit 1\nfi\n# This output is used by Xcode 'outputs' to avoid re-running this script phase.\necho \"SUCCESS\" > \"${SCRIPT_OUTPUT_FILE_0}\"\n";
			showEnvVarsInLog = 0;
		};
/* End PBXShellScriptBuildPhase section */

/* Begin PBXSourcesBuildPhase section */
		8AF4DB9225FDB81B00336CDD /* Sources */ = {
			isa = PBXSourcesBuildPhase;
			buildActionMask = 2147483647;
			files = (
				8AF4DB9E25FDB81B00336CDD /* ViewController.swift in Sources */,
				8AF4DBB025FDB9DA00336CDD /* BaseObject.swift in Sources */,
				8AF4DBB325FDBBE700336CDD /* PhotoTableViewCell.swift in Sources */,
				8AF4DBB725FDBC4F00336CDD /* PhotoDetailViewController.swift in Sources */,
				8AF4DBBA25FE28A300336CDD /* CustomOperation.swift in Sources */,
				8AF4DB9A25FDB81B00336CDD /* AppDelegate.swift in Sources */,
				8AF4DBAE25FDB91200336CDD /* RequestApi.swift in Sources */,
				8AF4DB9C25FDB81B00336CDD /* SceneDelegate.swift in Sources */,
			);
			runOnlyForDeploymentPostprocessing = 0;
		};
/* End PBXSourcesBuildPhase section */

/* Begin PBXVariantGroup section */
		8AF4DB9F25FDB81B00336CDD /* Main.storyboard */ = {
			isa = PBXVariantGroup;
			children = (
				8AF4DBA025FDB81B00336CDD /* Base */,
			);
			name = Main.storyboard;
			sourceTree = "<group>";
		};
		8AF4DBA425FDB81D00336CDD /* LaunchScreen.storyboard */ = {
			isa = PBXVariantGroup;
			children = (
				8AF4DBA525FDB81D00336CDD /* Base */,
			);
			name = LaunchScreen.storyboard;
			sourceTree = "<group>";
		};
/* End PBXVariantGroup section */

/* Begin XCBuildConfiguration section */
		8AF4DBA825FDB81D00336CDD /* Debug */ = {
			isa = XCBuildConfiguration;
			buildSettings = {
				ALWAYS_SEARCH_USER_PATHS = NO;
				CLANG_ANALYZER_NONNULL = YES;
				CLANG_ANALYZER_NUMBER_OBJECT_CONVERSION = YES_AGGRESSIVE;
				CLANG_CXX_LANGUAGE_STANDARD = "gnu++14";
				CLANG_CXX_LIBRARY = "libc++";
				CLANG_ENABLE_MODULES = YES;
				CLANG_ENABLE_OBJC_ARC = YES;
				CLANG_ENABLE_OBJC_WEAK = YES;
				CLANG_WARN_BLOCK_CAPTURE_AUTORELEASING = YES;
				CLANG_WARN_BOOL_CONVERSION = YES;
				CLANG_WARN_COMMA = YES;
				CLANG_WARN_CONSTANT_CONVERSION = YES;
				CLANG_WARN_DEPRECATED_OBJC_IMPLEMENTATIONS = YES;
				CLANG_WARN_DIRECT_OBJC_ISA_USAGE = YES_ERROR;
				CLANG_WARN_DOCUMENTATION_COMMENTS = YES;
				CLANG_WARN_EMPTY_BODY = YES;
				CLANG_WARN_ENUM_CONVERSION = YES;
				CLANG_WARN_INFINITE_RECURSION = YES;
				CLANG_WARN_INT_CONVERSION = YES;
				CLANG_WARN_NON_LITERAL_NULL_CONVERSION = YES;
				CLANG_WARN_OBJC_IMPLICIT_RETAIN_SELF = YES;
				CLANG_WARN_OBJC_LITERAL_CONVERSION = YES;
				CLANG_WARN_OBJC_ROOT_CLASS = YES_ERROR;
				CLANG_WARN_RANGE_LOOP_ANALYSIS = YES;
				CLANG_WARN_STRICT_PROTOTYPES = YES;
				CLANG_WARN_SUSPICIOUS_MOVE = YES;
				CLANG_WARN_UNGUARDED_AVAILABILITY = YES_AGGRESSIVE;
				CLANG_WARN_UNREACHABLE_CODE = YES;
				CLANG_WARN__DUPLICATE_METHOD_MATCH = YES;
				COPY_PHASE_STRIP = NO;
				DEBUG_INFORMATION_FORMAT = dwarf;
				ENABLE_STRICT_OBJC_MSGSEND = YES;
				ENABLE_TESTABILITY = YES;
				GCC_C_LANGUAGE_STANDARD = gnu11;
				GCC_DYNAMIC_NO_PIC = NO;
				GCC_NO_COMMON_BLOCKS = YES;
				GCC_OPTIMIZATION_LEVEL = 0;
				GCC_PREPROCESSOR_DEFINITIONS = (
					"DEBUG=1",
					"$(inherited)",
				);
				GCC_WARN_64_TO_32_BIT_CONVERSION = YES;
				GCC_WARN_ABOUT_RETURN_TYPE = YES_ERROR;
				GCC_WARN_UNDECLARED_SELECTOR = YES;
				GCC_WARN_UNINITIALIZED_AUTOS = YES_AGGRESSIVE;
				GCC_WARN_UNUSED_FUNCTION = YES;
				GCC_WARN_UNUSED_VARIABLE = YES;
				IPHONEOS_DEPLOYMENT_TARGET = 13.4;
				MTL_ENABLE_DEBUG_INFO = INCLUDE_SOURCE;
				MTL_FAST_MATH = YES;
				ONLY_ACTIVE_ARCH = YES;
				SDKROOT = iphoneos;
				SWIFT_ACTIVE_COMPILATION_CONDITIONS = DEBUG;
				SWIFT_OPTIMIZATION_LEVEL = "-Onone";
			};
			name = Debug;
		};
		8AF4DBA925FDB81D00336CDD /* Release */ = {
			isa = XCBuildConfiguration;
			buildSettings = {
				ALWAYS_SEARCH_USER_PATHS = NO;
				CLANG_ANALYZER_NONNULL = YES;
				CLANG_ANALYZER_NUMBER_OBJECT_CONVERSION = YES_AGGRESSIVE;
				CLANG_CXX_LANGUAGE_STANDARD = "gnu++14";
				CLANG_CXX_LIBRARY = "libc++";
				CLANG_ENABLE_MODULES = YES;
				CLANG_ENABLE_OBJC_ARC = YES;
				CLANG_ENABLE_OBJC_WEAK = YES;
				CLANG_WARN_BLOCK_CAPTURE_AUTORELEASING = YES;
				CLANG_WARN_BOOL_CONVERSION = YES;
				CLANG_WARN_COMMA = YES;
				CLANG_WARN_CONSTANT_CONVERSION = YES;
				CLANG_WARN_DEPRECATED_OBJC_IMPLEMENTATIONS = YES;
				CLANG_WARN_DIRECT_OBJC_ISA_USAGE = YES_ERROR;
				CLANG_WARN_DOCUMENTATION_COMMENTS = YES;
				CLANG_WARN_EMPTY_BODY = YES;
				CLANG_WARN_ENUM_CONVERSION = YES;
				CLANG_WARN_INFINITE_RECURSION = YES;
				CLANG_WARN_INT_CONVERSION = YES;
				CLANG_WARN_NON_LITERAL_NULL_CONVERSION = YES;
				CLANG_WARN_OBJC_IMPLICIT_RETAIN_SELF = YES;
				CLANG_WARN_OBJC_LITERAL_CONVERSION = YES;
				CLANG_WARN_OBJC_ROOT_CLASS = YES_ERROR;
				CLANG_WARN_RANGE_LOOP_ANALYSIS = YES;
				CLANG_WARN_STRICT_PROTOTYPES = YES;
				CLANG_WARN_SUSPICIOUS_MOVE = YES;
				CLANG_WARN_UNGUARDED_AVAILABILITY = YES_AGGRESSIVE;
				CLANG_WARN_UNREACHABLE_CODE = YES;
				CLANG_WARN__DUPLICATE_METHOD_MATCH = YES;
				COPY_PHASE_STRIP = NO;
				DEBUG_INFORMATION_FORMAT = "dwarf-with-dsym";
				ENABLE_NS_ASSERTIONS = NO;
				ENABLE_STRICT_OBJC_MSGSEND = YES;
				GCC_C_LANGUAGE_STANDARD = gnu11;
				GCC_NO_COMMON_BLOCKS = YES;
				GCC_WARN_64_TO_32_BIT_CONVERSION = YES;
				GCC_WARN_ABOUT_RETURN_TYPE = YES_ERROR;
				GCC_WARN_UNDECLARED_SELECTOR = YES;
				GCC_WARN_UNINITIALIZED_AUTOS = YES_AGGRESSIVE;
				GCC_WARN_UNUSED_FUNCTION = YES;
				GCC_WARN_UNUSED_VARIABLE = YES;
				IPHONEOS_DEPLOYMENT_TARGET = 13.4;
				MTL_ENABLE_DEBUG_INFO = NO;
				MTL_FAST_MATH = YES;
				SDKROOT = iphoneos;
				SWIFT_COMPILATION_MODE = wholemodule;
				SWIFT_OPTIMIZATION_LEVEL = "-O";
				VALIDATE_PRODUCT = YES;
			};
			name = Release;
		};
		8AF4DBAB25FDB81D00336CDD /* Debug */ = {
			isa = XCBuildConfiguration;
			baseConfigurationReference = 68379C5CAB1C1BE749DE07D6 /* Pods-DemoOperationQueu.debug.xcconfig */;
			buildSettings = {
				ASSETCATALOG_COMPILER_APPICON_NAME = AppIcon;
				CODE_SIGN_STYLE = Automatic;
				DEVELOPMENT_TEAM = 6FB2CK39NM;
				INFOPLIST_FILE = DemoOperationQueu/Info.plist;
				LD_RUNPATH_SEARCH_PATHS = (
					"$(inherited)",
					"@executable_path/Frameworks",
				);
				PRODUCT_BUNDLE_IDENTIFIER = com.trungnv.dev.ios.DemoOperationQueu;
				PRODUCT_NAME = "$(TARGET_NAME)";
				SWIFT_VERSION = 5.0;
				TARGETED_DEVICE_FAMILY = "1,2";
			};
			name = Debug;
		};
		8AF4DBAC25FDB81D00336CDD /* Release */ = {
			isa = XCBuildConfiguration;
			baseConfigurationReference = 6ECB01EAF3B4BD0685E6E60B /* Pods-DemoOperationQueu.release.xcconfig */;
			buildSettings = {
				ASSETCATALOG_COMPILER_APPICON_NAME = AppIcon;
				CODE_SIGN_STYLE = Automatic;
				DEVELOPMENT_TEAM = 6FB2CK39NM;
				INFOPLIST_FILE = DemoOperationQueu/Info.plist;
				LD_RUNPATH_SEARCH_PATHS = (
					"$(inherited)",
					"@executable_path/Frameworks",
				);
				PRODUCT_BUNDLE_IDENTIFIER = com.trungnv.dev.ios.DemoOperationQueu;
				PRODUCT_NAME = "$(TARGET_NAME)";
				SWIFT_VERSION = 5.0;
				TARGETED_DEVICE_FAMILY = "1,2";
			};
			name = Release;
		};
/* End XCBuildConfiguration section */

/* Begin XCConfigurationList section */
		8AF4DB9125FDB81B00336CDD /* Build configuration list for PBXProject "DemoOperationQueu" */ = {
			isa = XCConfigurationList;
			buildConfigurations = (
				8AF4DBA825FDB81D00336CDD /* Debug */,
				8AF4DBA925FDB81D00336CDD /* Release */,
			);
			defaultConfigurationIsVisible = 0;
			defaultConfigurationName = Release;
		};
		8AF4DBAA25FDB81D00336CDD /* Build configuration list for PBXNativeTarget "DemoOperationQueu" */ = {
			isa = XCConfigurationList;
			buildConfigurations = (
				8AF4DBAB25FDB81D00336CDD /* Debug */,
				8AF4DBAC25FDB81D00336CDD /* Release */,
			);
			defaultConfigurationIsVisible = 0;
			defaultConfigurationName = Release;
		};
/* End XCConfigurationList section */
	};
	rootObject = 8AF4DB8E25FDB81B00336CDD /* Project object */;
}
